
Microsoft Visual Studio Solution File, Format Version 12.00
# Visual Studio Version 16
VisualStudioVersion = 16.0.30104.148
MinimumVisualStudioVersion = 10.0.40219.1
Project("{FAE04EC0-301F-11D3-BF4B-00C04F79EFBC}") = "zaliczenie_testy", "zaliczenie_testy.csproj", "{0803ABF0-F69E-4289-A210-7617253308BB}"
EndProject
Global
	GlobalSection(SolutionConfigurationPlatforms) = preSolution
		Debug|Any CPU = Debug|Any CPU
		Release|Any CPU = Release|Any CPU
	EndGlobalSection
	GlobalSection(ProjectConfigurationPlatforms) = postSolution
		{0803ABF0-F69E-4289-A210-7617253308BB}.Debug|Any CPU.ActiveCfg = Debug|Any CPU
		{0803ABF0-F69E-4289-A210-7617253308BB}.Debug|Any CPU.Build.0 = Debug|Any CPU
		{0803ABF0-F69E-4289-A210-7617253308BB}.Release|Any CPU.ActiveCfg = Release|Any CPU
		{0803ABF0-F69E-4289-A210-7617253308BB}.Release|Any CPU.Build.0 = Release|Any CPU
	EndGlobalSection
	GlobalSection(SolutionProperties) = preSolution
		HideSolutionNode = FALSE
	EndGlobalSection
	GlobalSection(ExtensibilityGlobals) = postSolution
		SolutionGuid = {E036C3DB-F4D1-4146-8004-EDA7A14AB331}
	EndGlobalSection
EndGlobal
